
Microsoft Visual Studio Solution File, Format Version 12.00
# Visual Studio Version 17
VisualStudioVersion = 17.3.32929.385
MinimumVisualStudioVersion = 10.0.40219.1
Project("{FAE04EC0-301F-11D3-BF4B-00C04F79EFBC}") = "FamilyTreeExercse", "FamilyTreeExercse\FamilyTreeExercse.csproj", "{3B2C1318-C4A2-4B97-8D4A-62230CCDCFB4}"
EndProject
Global
	GlobalSection(SolutionConfigurationPlatforms) = preSolution
		Debug|Any CPU = Debug|Any CPU
		Release|Any CPU = Release|Any CPU
	EndGlobalSection
	GlobalSection(ProjectConfigurationPlatforms) = postSolution
		{3B2C1318-C4A2-4B97-8D4A-62230CCDCFB4}.Debug|Any CPU.ActiveCfg = Debug|Any CPU
		{3B2C1318-C4A2-4B97-8D4A-62230CCDCFB4}.Debug|Any CPU.Build.0 = Debug|Any CPU
		{3B2C1318-C4A2-4B97-8D4A-62230CCDCFB4}.Release|Any CPU.ActiveCfg = Release|Any CPU
		{3B2C1318-C4A2-4B97-8D4A-62230CCDCFB4}.Release|Any CPU.Build.0 = Release|Any CPU
	EndGlobalSection
	GlobalSection(SolutionProperties) = preSolution
		HideSolutionNode = FALSE
	EndGlobalSection
	GlobalSection(ExtensibilityGlobals) = postSolution
		SolutionGuid = {F5BCC7DE-25DD-4021-87F5-58529F3423B0}
	EndGlobalSection
EndGlobal
